
Microsoft Visual Studio Solution File, Format Version 12.00
# Visual Studio Version 17
VisualStudioVersion = 17.1.32328.378
MinimumVisualStudioVersion = 10.0.40219.1
Project("{FAE04EC0-301F-11D3-BF4B-00C04F79EFBC}") = "ASP.NET_CORE_6_REST_API_Shop_Example", "ASP.NET_CORE_6_REST_API_Shop_Example.csproj", "{D4A6A052-EE7A-4854-92D9-99E27EC5AD52}"
EndProject
Global
	GlobalSection(SolutionConfigurationPlatforms) = preSolution
		Debug|Any CPU = Debug|Any CPU
		Release|Any CPU = Release|Any CPU
	EndGlobalSection
	GlobalSection(ProjectConfigurationPlatforms) = postSolution
		{D4A6A052-EE7A-4854-92D9-99E27EC5AD52}.Debug|Any CPU.ActiveCfg = Debug|Any CPU
		{D4A6A052-EE7A-4854-92D9-99E27EC5AD52}.Debug|Any CPU.Build.0 = Debug|Any CPU
		{D4A6A052-EE7A-4854-92D9-99E27EC5AD52}.Release|Any CPU.ActiveCfg = Release|Any CPU
		{D4A6A052-EE7A-4854-92D9-99E27EC5AD52}.Release|Any CPU.Build.0 = Release|Any CPU
	EndGlobalSection
	GlobalSection(SolutionProperties) = preSolution
		HideSolutionNode = FALSE
	EndGlobalSection
	GlobalSection(ExtensibilityGlobals) = postSolution
		SolutionGuid = {1E5EDAB6-9ACA-4359-BF97-35AEE0079DDF}
	EndGlobalSection
EndGlobal
